
Microsoft Visual Studio Solution File, Format Version 12.00
# Visual Studio 15
VisualStudioVersion = 15.0.28010.2026
MinimumVisualStudioVersion = 10.0.40219.1
Project("{FAE04EC0-301F-11D3-BF4B-00C04F79EFBC}") = "StudyPlan.Android", "StudyPlan\StudyPlan.Android\StudyPlan.Android.csproj", "{2F3569BC-9986-46C0-8DA7-23C5B999EFAA}"
EndProject
Project("{FAE04EC0-301F-11D3-BF4B-00C04F79EFBC}") = "StudyPlan.iOS", "StudyPlan\StudyPlan.iOS\StudyPlan.iOS.csproj", "{3D2491D3-6ABD-40A7-9172-6F96A8E01489}"
EndProject
Project("{FAE04EC0-301F-11D3-BF4B-00C04F79EFBC}") = "StudyPlan.UWP", "StudyPlan\StudyPlan.UWP\StudyPlan.UWP.csproj", "{67BD261D-86C1-4249-A4FD-7E5FE390B610}"
EndProject
Project("{9A19103F-16F7-4668-BE54-9A1E7A4F7556}") = "StudyPlan", "StudyPlan\StudyPlan\StudyPlan.csproj", "{4CF69A20-34B3-468C-ABD8-C60F2CC2170D}"
EndProject
Global
	GlobalSection(SolutionConfigurationPlatforms) = preSolution
		Ad-Hoc|Any CPU = Ad-Hoc|Any CPU
		Ad-Hoc|ARM = Ad-Hoc|ARM
		Ad-Hoc|iPhone = Ad-Hoc|iPhone
		Ad-Hoc|iPhoneSimulator = Ad-Hoc|iPhoneSimulator
		Ad-Hoc|x64 = Ad-Hoc|x64
		Ad-Hoc|x86 = Ad-Hoc|x86
		AppStore|Any CPU = AppStore|Any CPU
		AppStore|ARM = AppStore|ARM
		AppStore|iPhone = AppStore|iPhone
		AppStore|iPhoneSimulator = AppStore|iPhoneSimulator
		AppStore|x64 = AppStore|x64
		AppStore|x86 = AppStore|x86
		Debug|Any CPU = Debug|Any CPU
		Debug|ARM = Debug|ARM
		Debug|iPhone = Debug|iPhone
		Debug|iPhoneSimulator = Debug|iPhoneSimulator
		Debug|x64 = Debug|x64
		Debug|x86 = Debug|x86
		Release|Any CPU = Release|Any CPU
		Release|ARM = Release|ARM
		Release|iPhone = Release|iPhone
		Release|iPhoneSimulator = Release|iPhoneSimulator
		Release|x64 = Release|x64
		Release|x86 = Release|x86
	EndGlobalSection
	GlobalSection(ProjectConfigurationPlatforms) = postSolution
		{2F3569BC-9986-46C0-8DA7-23C5B999EFAA}.Ad-Hoc|Any CPU.ActiveCfg = Release|Any CPU
		{2F3569BC-9986-46C0-8DA7-23C5B999EFAA}.Ad-Hoc|Any CPU.Build.0 = Release|Any CPU
		{2F3569BC-9986-46C0-8DA7-23C5B999EFAA}.Ad-Hoc|Any CPU.Deploy.0 = Release|Any CPU
		{2F3569BC-9986-46C0-8DA7-23C5B999EFAA}.Ad-Hoc|ARM.ActiveCfg = Release|Any CPU
		{2F3569BC-9986-46C0-8DA7-23C5B999EFAA}.Ad-Hoc|ARM.Build.0 = Release|Any CPU
		{2F3569BC-9986-46C0-8DA7-23C5B999EFAA}.Ad-Hoc|ARM.Deploy.0 = Release|Any CPU
		{2F3569BC-9986-46C0-8DA7-23C5B999EFAA}.Ad-Hoc|iPhone.ActiveCfg = Release|Any CPU
		{2F3569BC-9986-46C0-8DA7-23C5B999EFAA}.Ad-Hoc|iPhone.Build.0 = Release|Any CPU
		{2F3569BC-9986-46C0-8DA7-23C5B999EFAA}.Ad-Hoc|iPhone.Deploy.0 = Release|Any CPU
		{2F3569BC-9986-46C0-8DA7-23C5B999EFAA}.Ad-Hoc|iPhoneSimulator.ActiveCfg = Release|Any CPU
		{2F3569BC-9986-46C0-8DA7-23C5B999EFAA}.Ad-Hoc|iPhoneSimulator.Build.0 = Release|Any CPU
		{2F3569BC-9986-46C0-8DA7-23C5B999EFAA}.Ad-Hoc|iPhoneSimulator.Deploy.0 = Release|Any CPU
		{2F3569BC-9986-46C0-8DA7-23C5B999EFAA}.Ad-Hoc|x64.ActiveCfg = Release|Any CPU
		{2F3569BC-9986-46C0-8DA7-23C5B999EFAA}.Ad-Hoc|x64.Build.0 = Release|Any CPU
		{2F3569BC-9986-46C0-8DA7-23C5B999EFAA}.Ad-Hoc|x64.Deploy.0 = Release|Any CPU
		{2F3569BC-9986-46C0-8DA7-23C5B999EFAA}.Ad-Hoc|x86.ActiveCfg = Release|Any CPU
		{2F3569BC-9986-46C0-8DA7-23C5B999EFAA}.Ad-Hoc|x86.Build.0 = Release|Any CPU
		{2F3569BC-9986-46C0-8DA7-23C5B999EFAA}.Ad-Hoc|x86.Deploy.0 = Release|Any CPU
		{2F3569BC-9986-46C0-8DA7-23C5B999EFAA}.AppStore|Any CPU.ActiveCfg = Release|Any CPU
		{2F3569BC-9986-46C0-8DA7-23C5B999EFAA}.AppStore|Any CPU.Build.0 = Release|Any CPU
		{2F3569BC-9986-46C0-8DA7-23C5B999EFAA}.AppStore|Any CPU.Deploy.0 = Release|Any CPU
		{2F3569BC-9986-46C0-8DA7-23C5B999EFAA}.AppStore|ARM.ActiveCfg = Release|Any CPU
		{2F3569BC-9986-46C0-8DA7-23C5B999EFAA}.AppStore|ARM.Build.0 = Release|Any CPU
		{2F3569BC-9986-46C0-8DA7-23C5B999EFAA}.AppStore|ARM.Deploy.0 = Release|Any CPU
		{2F3569BC-9986-46C0-8DA7-23C5B999EFAA}.AppStore|iPhone.ActiveCfg = Release|Any CPU
		{2F3569BC-9986-46C0-8DA7-23C5B999EFAA}.AppStore|iPhone.Build.0 = Release|Any CPU
		{2F3569BC-9986-46C0-8DA7-23C5B999EFAA}.AppStore|iPhone.Deploy.0 = Release|Any CPU
		{2F3569BC-9986-46C0-8DA7-23C5B999EFAA}.AppStore|iPhoneSimulator.ActiveCfg = Release|Any CPU
		{2F3569BC-9986-46C0-8DA7-23C5B999EFAA}.AppStore|iPhoneSimulator.Build.0 = Release|Any CPU
		{2F3569BC-9986-46C0-8DA7-23C5B999EFAA}.AppStore|iPhoneSimulator.Deploy.0 = Release|Any CPU
		{2F3569BC-9986-46C0-8DA7-23C5B999EFAA}.AppStore|x64.ActiveCfg = Release|Any CPU
		{2F3569BC-9986-46C0-8DA7-23C5B999EFAA}.AppStore|x64.Build.0 = Release|Any CPU
		{2F3569BC-9986-46C0-8DA7-23C5B999EFAA}.AppStore|x64.Deploy.0 = Release|Any CPU
		{2F3569BC-9986-46C0-8DA7-23C5B999EFAA}.AppStore|x86.ActiveCfg = Release|Any CPU
		{2F3569BC-9986-46C0-8DA7-23C5B999EFAA}.AppStore|x86.Build.0 = Release|Any CPU
		{2F3569BC-9986-46C0-8DA7-23C5B999EFAA}.AppStore|x86.Deploy.0 = Release|Any CPU
		{2F3569BC-9986-46C0-8DA7-23C5B999EFAA}.Debug|Any CPU.ActiveCfg = Debug|Any CPU
		{2F3569BC-9986-46C0-8DA7-23C5B999EFAA}.Debug|Any CPU.Build.0 = Debug|Any CPU
		{2F3569BC-9986-46C0-8DA7-23C5B999EFAA}.Debug|Any CPU.Deploy.0 = Debug|Any CPU
		{2F3569BC-9986-46C0-8DA7-23C5B999EFAA}.Debug|ARM.ActiveCfg = Debug|Any CPU
		{2F3569BC-9986-46C0-8DA7-23C5B999EFAA}.Debug|ARM.Build.0 = Debug|Any CPU
		{2F3569BC-9986-46C0-8DA7-23C5B999EFAA}.Debug|ARM.Deploy.0 = Debug|Any CPU
		{2F3569BC-9986-46C0-8DA7-23C5B999EFAA}.Debug|iPhone.ActiveCfg = Debug|Any CPU
		{2F3569BC-9986-46C0-8DA7-23C5B999EFAA}.Debug|iPhone.Build.0 = Debug|Any CPU
		{2F3569BC-9986-46C0-8DA7-23C5B999EFAA}.Debug|iPhone.Deploy.0 = Debug|Any CPU
		{2F3569BC-9986-46C0-8DA7-23C5B999EFAA}.Debug|iPhoneSimulator.ActiveCfg = Debug|Any CPU
		{2F3569BC-9986-46C0-8DA7-23C5B999EFAA}.Debug|iPhoneSimulator.Build.0 = Debug|Any CPU
		{2F3569BC-9986-46C0-8DA7-23C5B999EFAA}.Debug|iPhoneSimulator.Deploy.0 = Debug|Any CPU
		{2F3569BC-9986-46C0-8DA7-23C5B999EFAA}.Debug|x64.ActiveCfg = Debug|Any CPU
		{2F3569BC-9986-46C0-8DA7-23C5B999EFAA}.Debug|x64.Build.0 = Debug|Any CPU
		{2F3569BC-9986-46C0-8DA7-23C5B999EFAA}.Debug|x64.Deploy.0 = Debug|Any CPU
		{2F3569BC-9986-46C0-8DA7-23C5B999EFAA}.Debug|x86.ActiveCfg = Debug|Any CPU
		{2F3569BC-9986-46C0-8DA7-23C5B999EFAA}.Debug|x86.Build.0 = Debug|Any CPU
		{2F3569BC-9986-46C0-8DA7-23C5B999EFAA}.Debug|x86.Deploy.0 = Debug|Any CPU
		{2F3569BC-9986-46C0-8DA7-23C5B999EFAA}.Release|Any CPU.ActiveCfg = Release|Any CPU
		{2F3569BC-9986-46C0-8DA7-23C5B999EFAA}.Release|Any CPU.Build.0 = Release|Any CPU
		{2F3569BC-9986-46C0-8DA7-23C5B999EFAA}.Release|Any CPU.Deploy.0 = Release|Any CPU
		{2F3569BC-9986-46C0-8DA7-23C5B999EFAA}.Release|ARM.ActiveCfg = Release|Any CPU
		{2F3569BC-9986-46C0-8DA7-23C5B999EFAA}.Release|ARM.Build.0 = Release|Any CPU
		{2F3569BC-9986-46C0-8DA7-23C5B999EFAA}.Release|ARM.Deploy.0 = Release|Any CPU
		{2F3569BC-9986-46C0-8DA7-23C5B999EFAA}.Release|iPhone.ActiveCfg = Release|Any CPU
		{2F3569BC-9986-46C0-8DA7-23C5B999EFAA}.Release|iPhone.Build.0 = Release|Any CPU
		{2F3569BC-9986-46C0-8DA7-23C5B999EFAA}.Release|iPhone.Deploy.0 = Release|Any CPU
		{2F3569BC-9986-46C0-8DA7-23C5B999EFAA}.Release|iPhoneSimulator.ActiveCfg = Release|Any CPU
		{2F3569BC-9986-46C0-8DA7-23C5B999EFAA}.Release|iPhoneSimulator.Build.0 = Release|Any CPU
		{2F3569BC-9986-46C0-8DA7-23C5B999EFAA}.Release|iPhoneSimulator.Deploy.0 = Release|Any CPU
		{2F3569BC-9986-46C0-8DA7-23C5B999EFAA}.Release|x64.ActiveCfg = Release|Any CPU
		{2F3569BC-9986-46C0-8DA7-23C5B999EFAA}.Release|x64.Build.0 = Release|Any CPU
		{2F3569BC-9986-46C0-8DA7-23C5B999EFAA}.Release|x64.Deploy.0 = Release|Any CPU
		{2F3569BC-9986-46C0-8DA7-23C5B999EFAA}.Release|x86.ActiveCfg = Release|Any CPU
		{2F3569BC-9986-46C0-8DA7-23C5B999EFAA}.Release|x86.Build.0 = Release|Any CPU
		{2F3569BC-9986-46C0-8DA7-23C5B999EFAA}.Release|x86.Deploy.0 = Release|Any CPU
		{3D2491D3-6ABD-40A7-9172-6F96A8E01489}.Ad-Hoc|Any CPU.ActiveCfg = Ad-Hoc|iPhone
		{3D2491D3-6ABD-40A7-9172-6F96A8E01489}.Ad-Hoc|Any CPU.Build.0 = Ad-Hoc|iPhone
		{3D2491D3-6ABD-40A7-9172-6F96A8E01489}.Ad-Hoc|Any CPU.Deploy.0 = Ad-Hoc|iPhone
		{3D2491D3-6ABD-40A7-9172-6F96A8E01489}.Ad-Hoc|ARM.ActiveCfg = Ad-Hoc|iPhone
		{3D2491D3-6ABD-40A7-9172-6F96A8E01489}.Ad-Hoc|ARM.Build.0 = Ad-Hoc|iPhone
		{3D2491D3-6ABD-40A7-9172-6F96A8E01489}.Ad-Hoc|ARM.Deploy.0 = Ad-Hoc|iPhone
		{3D2491D3-6ABD-40A7-9172-6F96A8E01489}.Ad-Hoc|iPhone.ActiveCfg = Ad-Hoc|iPhone
		{3D2491D3-6ABD-40A7-9172-6F96A8E01489}.Ad-Hoc|iPhone.Build.0 = Ad-Hoc|iPhone
		{3D2491D3-6ABD-40A7-9172-6F96A8E01489}.Ad-Hoc|iPhone.Deploy.0 = Ad-Hoc|iPhone
		{3D2491D3-6ABD-40A7-9172-6F96A8E01489}.Ad-Hoc|iPhoneSimulator.ActiveCfg = Ad-Hoc|iPhoneSimulator
		{3D2491D3-6ABD-40A7-9172-6F96A8E01489}.Ad-Hoc|iPhoneSimulator.Build.0 = Ad-Hoc|iPhoneSimulator
		{3D2491D3-6ABD-40A7-9172-6F96A8E01489}.Ad-Hoc|iPhoneSimulator.Deploy.0 = Ad-Hoc|iPhoneSimulator
		{3D2491D3-6ABD-40A7-9172-6F96A8E01489}.Ad-Hoc|x64.ActiveCfg = Ad-Hoc|iPhone
		{3D2491D3-6ABD-40A7-9172-6F96A8E01489}.Ad-Hoc|x64.Build.0 = Ad-Hoc|iPhone
		{3D2491D3-6ABD-40A7-9172-6F96A8E01489}.Ad-Hoc|x64.Deploy.0 = Ad-Hoc|iPhone
		{3D2491D3-6ABD-40A7-9172-6F96A8E01489}.Ad-Hoc|x86.ActiveCfg = Ad-Hoc|iPhone
		{3D2491D3-6ABD-40A7-9172-6F96A8E01489}.Ad-Hoc|x86.Build.0 = Ad-Hoc|iPhone
		{3D2491D3-6ABD-40A7-9172-6F96A8E01489}.Ad-Hoc|x86.Deploy.0 = Ad-Hoc|iPhone
		{3D2491D3-6ABD-40A7-9172-6F96A8E01489}.AppStore|Any CPU.ActiveCfg = AppStore|iPhone
		{3D2491D3-6ABD-40A7-9172-6F96A8E01489}.AppStore|Any CPU.Build.0 = AppStore|iPhone
		{3D2491D3-6ABD-40A7-9172-6F96A8E01489}.AppStore|Any CPU.Deploy.0 = AppStore|iPhone
		{3D2491D3-6ABD-40A7-9172-6F96A8E01489}.AppStore|ARM.ActiveCfg = AppStore|iPhone
		{3D2491D3-6ABD-40A7-9172-6F96A8E01489}.AppStore|ARM.Build.0 = AppStore|iPhone
		{3D2491D3-6ABD-40A7-9172-6F96A8E01489}.AppStore|ARM.Deploy.0 = AppStore|iPhone
		{3D2491D3-6ABD-40A7-9172-6F96A8E01489}.AppStore|iPhone.ActiveCfg = AppStore|iPhone
		{3D2491D3-6ABD-40A7-9172-6F96A8E01489}.AppStore|iPhone.Build.0 = AppStore|iPhone
		{3D2491D3-6ABD-40A7-9172-6F96A8E01489}.AppStore|iPhone.Deploy.0 = AppStore|iPhone
		{3D2491D3-6ABD-40A7-9172-6F96A8E01489}.AppStore|iPhoneSimulator.ActiveCfg = AppStore|iPhoneSimulator
		{3D2491D3-6ABD-40A7-9172-6F96A8E01489}.AppStore|iPhoneSimulator.Build.0 = AppStore|iPhoneSimulator
		{3D2491D3-6ABD-40A7-9172-6F96A8E01489}.AppStore|iPhoneSimulator.Deploy.0 = AppStore|iPhoneSimulator
		{3D2491D3-6ABD-40A7-9172-6F96A8E01489}.AppStore|x64.ActiveCfg = AppStore|iPhone
		{3D2491D3-6ABD-40A7-9172-6F96A8E01489}.AppStore|x64.Build.0 = AppStore|iPhone
		{3D2491D3-6ABD-40A7-9172-6F96A8E01489}.AppStore|x64.Deploy.0 = AppStore|iPhone
		{3D2491D3-6ABD-40A7-9172-6F96A8E01489}.AppStore|x86.ActiveCfg = AppStore|iPhone
		{3D2491D3-6ABD-40A7-9172-6F96A8E01489}.AppStore|x86.Build.0 = AppStore|iPhone
		{3D2491D3-6ABD-40A7-9172-6F96A8E01489}.AppStore|x86.Deploy.0 = AppStore|iPhone
		{3D2491D3-6ABD-40A7-9172-6F96A8E01489}.Debug|Any CPU.ActiveCfg = Debug|iPhoneSimulator
		{3D2491D3-6ABD-40A7-9172-6F96A8E01489}.Debug|Any CPU.Build.0 = Debug|iPhoneSimulator
		{3D2491D3-6ABD-40A7-9172-6F96A8E01489}.Debug|Any CPU.Deploy.0 = Debug|iPhoneSimulator
		{3D2491D3-6ABD-40A7-9172-6F96A8E01489}.Debug|ARM.ActiveCfg = Debug|iPhone
		{3D2491D3-6ABD-40A7-9172-6F96A8E01489}.Debug|ARM.Build.0 = Debug|iPhone
		{3D2491D3-6ABD-40A7-9172-6F96A8E01489}.Debug|ARM.Deploy.0 = Debug|iPhone
		{3D2491D3-6ABD-40A7-9172-6F96A8E01489}.Debug|iPhone.ActiveCfg = Debug|iPhone
		{3D2491D3-6ABD-40A7-9172-6F96A8E01489}.Debug|iPhone.Build.0 = Debug|iPhone
		{3D2491D3-6ABD-40A7-9172-6F96A8E01489}.Debug|iPhone.Deploy.0 = Debug|iPhone
		{3D2491D3-6ABD-40A7-9172-6F96A8E01489}.Debug|iPhoneSimulator.ActiveCfg = Debug|iPhoneSimulator
		{3D2491D3-6ABD-40A7-9172-6F96A8E01489}.Debug|iPhoneSimulator.Build.0 = Debug|iPhoneSimulator
		{3D2491D3-6ABD-40A7-9172-6F96A8E01489}.Debug|iPhoneSimulator.Deploy.0 = Debug|iPhoneSimulator
		{3D2491D3-6ABD-40A7-9172-6F96A8E01489}.Debug|x64.ActiveCfg = Debug|iPhone
		{3D2491D3-6ABD-40A7-9172-6F96A8E01489}.Debug|x64.Build.0 = Debug|iPhone
		{3D2491D3-6ABD-40A7-9172-6F96A8E01489}.Debug|x64.Deploy.0 = Debug|iPhone
		{3D2491D3-6ABD-40A7-9172-6F96A8E01489}.Debug|x86.ActiveCfg = Debug|iPhone
		{3D2491D3-6ABD-40A7-9172-6F96A8E01489}.Debug|x86.Build.0 = Debug|iPhone
		{3D2491D3-6ABD-40A7-9172-6F96A8E01489}.Debug|x86.Deploy.0 = Debug|iPhone
		{3D2491D3-6ABD-40A7-9172-6F96A8E01489}.Release|Any CPU.ActiveCfg = Release|iPhone
		{3D2491D3-6ABD-40A7-9172-6F96A8E01489}.Release|Any CPU.Build.0 = Release|iPhone
		{3D2491D3-6ABD-40A7-9172-6F96A8E01489}.Release|Any CPU.Deploy.0 = Release|iPhone
		{3D2491D3-6ABD-40A7-9172-6F96A8E01489}.Release|ARM.ActiveCfg = Release|iPhone
		{3D2491D3-6ABD-40A7-9172-6F96A8E01489}.Release|ARM.Build.0 = Release|iPhone
		{3D2491D3-6ABD-40A7-9172-6F96A8E01489}.Release|ARM.Deploy.0 = Release|iPhone
		{3D2491D3-6ABD-40A7-9172-6F96A8E01489}.Release|iPhone.ActiveCfg = Release|iPhone
		{3D2491D3-6ABD-40A7-9172-6F96A8E01489}.Release|iPhone.Build.0 = Release|iPhone
		{3D2491D3-6ABD-40A7-9172-6F96A8E01489}.Release|iPhone.Deploy.0 = Release|iPhone
		{3D2491D3-6ABD-40A7-9172-6F96A8E01489}.Release|iPhoneSimulator.ActiveCfg = Release|iPhoneSimulator
		{3D2491D3-6ABD-40A7-9172-6F96A8E01489}.Release|iPhoneSimulator.Build.0 = Release|iPhoneSimulator
		{3D2491D3-6ABD-40A7-9172-6F96A8E01489}.Release|iPhoneSimulator.Deploy.0 = Release|iPhoneSimulator
		{3D2491D3-6ABD-40A7-9172-6F96A8E01489}.Release|x64.ActiveCfg = Release|iPhone
		{3D2491D3-6ABD-40A7-9172-6F96A8E01489}.Release|x64.Build.0 = Release|iPhone
		{3D2491D3-6ABD-40A7-9172-6F96A8E01489}.Release|x64.Deploy.0 = Release|iPhone
		{3D2491D3-6ABD-40A7-9172-6F96A8E01489}.Release|x86.ActiveCfg = Release|iPhone
		{3D2491D3-6ABD-40A7-9172-6F96A8E01489}.Release|x86.Build.0 = Release|iPhone
		{3D2491D3-6ABD-40A7-9172-6F96A8E01489}.Release|x86.Deploy.0 = Release|iPhone
		{67BD261D-86C1-4249-A4FD-7E5FE390B610}.Ad-Hoc|Any CPU.ActiveCfg = Release|x86
		{67BD261D-86C1-4249-A4FD-7E5FE390B610}.Ad-Hoc|Any CPU.Build.0 = Release|x86
		{67BD261D-86C1-4249-A4FD-7E5FE390B610}.Ad-Hoc|Any CPU.Deploy.0 = Release|x86
		{67BD261D-86C1-4249-A4FD-7E5FE390B610}.Ad-Hoc|ARM.ActiveCfg = Release|ARM
		{67BD261D-86C1-4249-A4FD-7E5FE390B610}.Ad-Hoc|ARM.Build.0 = Release|ARM
		{67BD261D-86C1-4249-A4FD-7E5FE390B610}.Ad-Hoc|ARM.Deploy.0 = Release|ARM
		{67BD261D-86C1-4249-A4FD-7E5FE390B610}.Ad-Hoc|iPhone.ActiveCfg = Release|x86
		{67BD261D-86C1-4249-A4FD-7E5FE390B610}.Ad-Hoc|iPhone.Build.0 = Release|x86
		{67BD261D-86C1-4249-A4FD-7E5FE390B610}.Ad-Hoc|iPhone.Deploy.0 = Release|x86
		{67BD261D-86C1-4249-A4FD-7E5FE390B610}.Ad-Hoc|iPhoneSimulator.ActiveCfg = Release|x86
		{67BD261D-86C1-4249-A4FD-7E5FE390B610}.Ad-Hoc|iPhoneSimulator.Build.0 = Release|x86
		{67BD261D-86C1-4249-A4FD-7E5FE390B610}.Ad-Hoc|iPhoneSimulator.Deploy.0 = Release|x86
		{67BD261D-86C1-4249-A4FD-7E5FE390B610}.Ad-Hoc|x64.ActiveCfg = Release|x64
		{67BD261D-86C1-4249-A4FD-7E5FE390B610}.Ad-Hoc|x64.Build.0 = Release|x64
		{67BD261D-86C1-4249-A4FD-7E5FE390B610}.Ad-Hoc|x64.Deploy.0 = Release|x64
		{67BD261D-86C1-4249-A4FD-7E5FE390B610}.Ad-Hoc|x86.ActiveCfg = Release|x86
		{67BD261D-86C1-4249-A4FD-7E5FE390B610}.Ad-Hoc|x86.Build.0 = Release|x86
		{67BD261D-86C1-4249-A4FD-7E5FE390B610}.Ad-Hoc|x86.Deploy.0 = Release|x86
		{67BD261D-86C1-4249-A4FD-7E5FE390B610}.AppStore|Any CPU.ActiveCfg = Release|x86
		{67BD261D-86C1-4249-A4FD-7E5FE390B610}.AppStore|Any CPU.Build.0 = Release|x86
		{67BD261D-86C1-4249-A4FD-7E5FE390B610}.AppStore|Any CPU.Deploy.0 = Release|x86
		{67BD261D-86C1-4249-A4FD-7E5FE390B610}.AppStore|ARM.ActiveCfg = Release|ARM
		{67BD261D-86C1-4249-A4FD-7E5FE390B610}.AppStore|ARM.Build.0 = Release|ARM
		{67BD261D-86C1-4249-A4FD-7E5FE390B610}.AppStore|ARM.Deploy.0 = Release|ARM
		{67BD261D-86C1-4249-A4FD-7E5FE390B610}.AppStore|iPhone.ActiveCfg = Release|x86
		{67BD261D-86C1-4249-A4FD-7E5FE390B610}.AppStore|iPhone.Build.0 = Release|x86
		{67BD261D-86C1-4249-A4FD-7E5FE390B610}.AppStore|iPhone.Deploy.0 = Release|x86
		{67BD261D-86C1-4249-A4FD-7E5FE390B610}.AppStore|iPhoneSimulator.ActiveCfg = Release|x86
		{67BD261D-86C1-4249-A4FD-7E5FE390B610}.AppStore|iPhoneSimulator.Build.0 = Release|x86
		{67BD261D-86C1-4249-A4FD-7E5FE390B610}.AppStore|iPhoneSimulator.Deploy.0 = Release|x86
		{67BD261D-86C1-4249-A4FD-7E5FE390B610}.AppStore|x64.ActiveCfg = Release|x64
		{67BD261D-86C1-4249-A4FD-7E5FE390B610}.AppStore|x64.Build.0 = Release|x64
		{67BD261D-86C1-4249-A4FD-7E5FE390B610}.AppStore|x64.Deploy.0 = Release|x64
		{67BD261D-86C1-4249-A4FD-7E5FE390B610}.AppStore|x86.ActiveCfg = Release|x86
		{67BD261D-86C1-4249-A4FD-7E5FE390B610}.AppStore|x86.Build.0 = Release|x86
		{67BD261D-86C1-4249-A4FD-7E5FE390B610}.AppStore|x86.Deploy.0 = Release|x86
		{67BD261D-86C1-4249-A4FD-7E5FE390B610}.Debug|Any CPU.ActiveCfg = Debug|x86
		{67BD261D-86C1-4249-A4FD-7E5FE390B610}.Debug|Any CPU.Build.0 = Debug|x86
		{67BD261D-86C1-4249-A4FD-7E5FE390B610}.Debug|Any CPU.Deploy.0 = Debug|x86
		{67BD261D-86C1-4249-A4FD-7E5FE390B610}.Debug|ARM.ActiveCfg = Debug|ARM
		{67BD261D-86C1-4249-A4FD-7E5FE390B610}.Debug|ARM.Build.0 = Debug|ARM
		{67BD261D-86C1-4249-A4FD-7E5FE390B610}.Debug|ARM.Deploy.0 = Debug|ARM
		{67BD261D-86C1-4249-A4FD-7E5FE390B610}.Debug|iPhone.ActiveCfg = Debug|x86
		{67BD261D-86C1-4249-A4FD-7E5FE390B610}.Debug|iPhone.Build.0 = Debug|x86
		{67BD261D-86C1-4249-A4FD-7E5FE390B610}.Debug|iPhone.Deploy.0 = Debug|x86
		{67BD261D-86C1-4249-A4FD-7E5FE390B610}.Debug|iPhoneSimulator.ActiveCfg = Debug|x86
		{67BD261D-86C1-4249-A4FD-7E5FE390B610}.Debug|iPhoneSimulator.Build.0 = Debug|x86
		{67BD261D-86C1-4249-A4FD-7E5FE390B610}.Debug|iPhoneSimulator.Deploy.0 = Debug|x86
		{67BD261D-86C1-4249-A4FD-7E5FE390B610}.Debug|x64.ActiveCfg = Debug|x64
		{67BD261D-86C1-4249-A4FD-7E5FE390B610}.Debug|x64.Build.0 = Debug|x64
		{67BD261D-86C1-4249-A4FD-7E5FE390B610}.Debug|x64.Deploy.0 = Debug|x64
		{67BD261D-86C1-4249-A4FD-7E5FE390B610}.Debug|x86.ActiveCfg = Debug|x86
		{67BD261D-86C1-4249-A4FD-7E5FE390B610}.Debug|x86.Build.0 = Debug|x86
		{67BD261D-86C1-4249-A4FD-7E5FE390B610}.Debug|x86.Deploy.0 = Debug|x86
		{67BD261D-86C1-4249-A4FD-7E5FE390B610}.Release|Any CPU.ActiveCfg = Release|x86
		{67BD261D-86C1-4249-A4FD-7E5FE390B610}.Release|Any CPU.Build.0 = Release|x86
		{67BD261D-86C1-4249-A4FD-7E5FE390B610}.Release|Any CPU.Deploy.0 = Release|x86
		{67BD261D-86C1-4249-A4FD-7E5FE390B610}.Release|ARM.ActiveCfg = Release|ARM
		{67BD261D-86C1-4249-A4FD-7E5FE390B610}.Release|ARM.Build.0 = Release|ARM
		{67BD261D-86C1-4249-A4FD-7E5FE390B610}.Release|ARM.Deploy.0 = Release|ARM
		{67BD261D-86C1-4249-A4FD-7E5FE390B610}.Release|iPhone.ActiveCfg = Release|x86
		{67BD261D-86C1-4249-A4FD-7E5FE390B610}.Release|iPhone.Build.0 = Release|x86
		{67BD261D-86C1-4249-A4FD-7E5FE390B610}.Release|iPhone.Deploy.0 = Release|x86
		{67BD261D-86C1-4249-A4FD-7E5FE390B610}.Release|iPhoneSimulator.ActiveCfg = Release|x86
		{67BD261D-86C1-4249-A4FD-7E5FE390B610}.Release|iPhoneSimulator.Build.0 = Release|x86
		{67BD261D-86C1-4249-A4FD-7E5FE390B610}.Release|iPhoneSimulator.Deploy.0 = Release|x86
		{67BD261D-86C1-4249-A4FD-7E5FE390B610}.Release|x64.ActiveCfg = Release|x64
		{67BD261D-86C1-4249-A4FD-7E5FE390B610}.Release|x64.Build.0 = Release|x64
		{67BD261D-86C1-4249-A4FD-7E5FE390B610}.Release|x64.Deploy.0 = Release|x64
		{67BD261D-86C1-4249-A4FD-7E5FE390B610}.Release|x86.ActiveCfg = Release|x86
		{67BD261D-86C1-4249-A4FD-7E5FE390B610}.Release|x86.Build.0 = Release|x86
		{67BD261D-86C1-4249-A4FD-7E5FE390B610}.Release|x86.Deploy.0 = Release|x86
		{4CF69A20-34B3-468C-ABD8-C60F2CC2170D}.Ad-Hoc|Any CPU.ActiveCfg = Debug|Any CPU
		{4CF69A20-34B3-468C-ABD8-C60F2CC2170D}.Ad-Hoc|Any CPU.Build.0 = Debug|Any CPU
		{4CF69A20-34B3-468C-ABD8-C60F2CC2170D}.Ad-Hoc|Any CPU.Deploy.0 = Debug|Any CPU
		{4CF69A20-34B3-468C-ABD8-C60F2CC2170D}.Ad-Hoc|ARM.ActiveCfg = Debug|Any CPU
		{4CF69A20-34B3-468C-ABD8-C60F2CC2170D}.Ad-Hoc|ARM.Build.0 = Debug|Any CPU
		{4CF69A20-34B3-468C-ABD8-C60F2CC2170D}.Ad-Hoc|ARM.Deploy.0 = Debug|Any CPU
		{4CF69A20-34B3-468C-ABD8-C60F2CC2170D}.Ad-Hoc|iPhone.ActiveCfg = Debug|Any CPU
		{4CF69A20-34B3-468C-ABD8-C60F2CC2170D}.Ad-Hoc|iPhone.Build.0 = Debug|Any CPU
		{4CF69A20-34B3-468C-ABD8-C60F2CC2170D}.Ad-Hoc|iPhone.Deploy.0 = Debug|Any CPU
		{4CF69A20-34B3-468C-ABD8-C60F2CC2170D}.Ad-Hoc|iPhoneSimulator.ActiveCfg = Debug|Any CPU
		{4CF69A20-34B3-468C-ABD8-C60F2CC2170D}.Ad-Hoc|iPhoneSimulator.Build.0 = Debug|Any CPU
		{4CF69A20-34B3-468C-ABD8-C60F2CC2170D}.Ad-Hoc|iPhoneSimulator.Deploy.0 = Debug|Any CPU
		{4CF69A20-34B3-468C-ABD8-C60F2CC2170D}.Ad-Hoc|x64.ActiveCfg = Debug|Any CPU
		{4CF69A20-34B3-468C-ABD8-C60F2CC2170D}.Ad-Hoc|x64.Build.0 = Debug|Any CPU
		{4CF69A20-34B3-468C-ABD8-C60F2CC2170D}.Ad-Hoc|x64.Deploy.0 = Debug|Any CPU
		{4CF69A20-34B3-468C-ABD8-C60F2CC2170D}.Ad-Hoc|x86.ActiveCfg = Debug|Any CPU
		{4CF69A20-34B3-468C-ABD8-C60F2CC2170D}.Ad-Hoc|x86.Build.0 = Debug|Any CPU
		{4CF69A20-34B3-468C-ABD8-C60F2CC2170D}.Ad-Hoc|x86.Deploy.0 = Debug|Any CPU
		{4CF69A20-34B3-468C-ABD8-C60F2CC2170D}.AppStore|Any CPU.ActiveCfg = Debug|Any CPU
		{4CF69A20-34B3-468C-ABD8-C60F2CC2170D}.AppStore|Any CPU.Build.0 = Debug|Any CPU
		{4CF69A20-34B3-468C-ABD8-C60F2CC2170D}.AppStore|Any CPU.Deploy.0 = Debug|Any CPU
		{4CF69A20-34B3-468C-ABD8-C60F2CC2170D}.AppStore|ARM.ActiveCfg = Debug|Any CPU
		{4CF69A20-34B3-468C-ABD8-C60F2CC2170D}.AppStore|ARM.Build.0 = Debug|Any CPU
		{4CF69A20-34B3-468C-ABD8-C60F2CC2170D}.AppStore|ARM.Deploy.0 = Debug|Any CPU
		{4CF69A20-34B3-468C-ABD8-C60F2CC2170D}.AppStore|iPhone.ActiveCfg = Debug|Any CPU
		{4CF69A20-34B3-468C-ABD8-C60F2CC2170D}.AppStore|iPhone.Build.0 = Debug|Any CPU
		{4CF69A20-34B3-468C-ABD8-C60F2CC2170D}.AppStore|iPhone.Deploy.0 = Debug|Any CPU
		{4CF69A20-34B3-468C-ABD8-C60F2CC2170D}.AppStore|iPhoneSimulator.ActiveCfg = Debug|Any CPU
		{4CF69A20-34B3-468C-ABD8-C60F2CC2170D}.AppStore|iPhoneSimulator.Build.0 = Debug|Any CPU
		{4CF69A20-34B3-468C-ABD8-C60F2CC2170D}.AppStore|iPhoneSimulator.Deploy.0 = Debug|Any CPU
		{4CF69A20-34B3-468C-ABD8-C60F2CC2170D}.AppStore|x64.ActiveCfg = Debug|Any CPU
		{4CF69A20-34B3-468C-ABD8-C60F2CC2170D}.AppStore|x64.Build.0 = Debug|Any CPU
		{4CF69A20-34B3-468C-ABD8-C60F2CC2170D}.AppStore|x64.Deploy.0 = Debug|Any CPU
		{4CF69A20-34B3-468C-ABD8-C60F2CC2170D}.AppStore|x86.ActiveCfg = Debug|Any CPU
		{4CF69A20-34B3-468C-ABD8-C60F2CC2170D}.AppStore|x86.Build.0 = Debug|Any CPU
		{4CF69A20-34B3-468C-ABD8-C60F2CC2170D}.AppStore|x86.Deploy.0 = Debug|Any CPU
		{4CF69A20-34B3-468C-ABD8-C60F2CC2170D}.Debug|Any CPU.ActiveCfg = Debug|Any CPU
		{4CF69A20-34B3-468C-ABD8-C60F2CC2170D}.Debug|Any CPU.Build.0 = Debug|Any CPU
		{4CF69A20-34B3-468C-ABD8-C60F2CC2170D}.Debug|Any CPU.Deploy.0 = Debug|Any CPU
		{4CF69A20-34B3-468C-ABD8-C60F2CC2170D}.Debug|ARM.ActiveCfg = Debug|Any CPU
		{4CF69A20-34B3-468C-ABD8-C60F2CC2170D}.Debug|ARM.Build.0 = Debug|Any CPU
		{4CF69A20-34B3-468C-ABD8-C60F2CC2170D}.Debug|ARM.Deploy.0 = Debug|Any CPU
		{4CF69A20-34B3-468C-ABD8-C60F2CC2170D}.Debug|iPhone.ActiveCfg = Debug|Any CPU
		{4CF69A20-34B3-468C-ABD8-C60F2CC2170D}.Debug|iPhone.Build.0 = Debug|Any CPU
		{4CF69A20-34B3-468C-ABD8-C60F2CC2170D}.Debug|iPhone.Deploy.0 = Debug|Any CPU
		{4CF69A20-34B3-468C-ABD8-C60F2CC2170D}.Debug|iPhoneSimulator.ActiveCfg = Debug|Any CPU
		{4CF69A20-34B3-468C-ABD8-C60F2CC2170D}.Debug|iPhoneSimulator.Build.0 = Debug|Any CPU
		{4CF69A20-34B3-468C-ABD8-C60F2CC2170D}.Debug|iPhoneSimulator.Deploy.0 = Debug|Any CPU
		{4CF69A20-34B3-468C-ABD8-C60F2CC2170D}.Debug|x64.ActiveCfg = Debug|Any CPU
		{4CF69A20-34B3-468C-ABD8-C60F2CC2170D}.Debug|x64.Build.0 = Debug|Any CPU
		{4CF69A20-34B3-468C-ABD8-C60F2CC2170D}.Debug|x64.Deploy.0 = Debug|Any CPU
		{4CF69A20-34B3-468C-ABD8-C60F2CC2170D}.Debug|x86.ActiveCfg = Debug|Any CPU
		{4CF69A20-34B3-468C-ABD8-C60F2CC2170D}.Debug|x86.Build.0 = Debug|Any CPU
		{4CF69A20-34B3-468C-ABD8-C60F2CC2170D}.Debug|x86.Deploy.0 = Debug|Any CPU
		{4CF69A20-34B3-468C-ABD8-C60F2CC2170D}.Release|Any CPU.ActiveCfg = Release|Any CPU
		{4CF69A20-34B3-468C-ABD8-C60F2CC2170D}.Release|Any CPU.Build.0 = Release|Any CPU
		{4CF69A20-34B3-468C-ABD8-C60F2CC2170D}.Release|Any CPU.Deploy.0 = Release|Any CPU
		{4CF69A20-34B3-468C-ABD8-C60F2CC2170D}.Release|ARM.ActiveCfg = Release|Any CPU
		{4CF69A20-34B3-468C-ABD8-C60F2CC2170D}.Release|ARM.Build.0 = Release|Any CPU
		{4CF69A20-34B3-468C-ABD8-C60F2CC2170D}.Release|ARM.Deploy.0 = Release|Any CPU
		{4CF69A20-34B3-468C-ABD8-C60F2CC2170D}.Release|iPhone.ActiveCfg = Release|Any CPU
		{4CF69A20-34B3-468C-ABD8-C60F2CC2170D}.Release|iPhone.Build.0 = Release|Any CPU
		{4CF69A20-34B3-468C-ABD8-C60F2CC2170D}.Release|iPhone.Deploy.0 = Release|Any CPU
		{4CF69A20-34B3-468C-ABD8-C60F2CC2170D}.Release|iPhoneSimulator.ActiveCfg = Release|Any CPU
		{4CF69A20-34B3-468C-ABD8-C60F2CC2170D}.Release|iPhoneSimulator.Build.0 = Release|Any CPU
		{4CF69A20-34B3-468C-ABD8-C60F2CC2170D}.Release|iPhoneSimulator.Deploy.0 = Release|Any CPU
		{4CF69A20-34B3-468C-ABD8-C60F2CC2170D}.Release|x64.ActiveCfg = Release|Any CPU
		{4CF69A20-34B3-468C-ABD8-C60F2CC2170D}.Release|x64.Build.0 = Release|Any CPU
		{4CF69A20-34B3-468C-ABD8-C60F2CC2170D}.Release|x64.Deploy.0 = Release|Any CPU
		{4CF69A20-34B3-468C-ABD8-C60F2CC2170D}.Release|x86.ActiveCfg = Release|Any CPU
		{4CF69A20-34B3-468C-ABD8-C60F2CC2170D}.Release|x86.Build.0 = Release|Any CPU
		{4CF69A20-34B3-468C-ABD8-C60F2CC2170D}.Release|x86.Deploy.0 = Release|Any CPU
	EndGlobalSection
	GlobalSection(SolutionProperties) = preSolution
		HideSolutionNode = FALSE
	EndGlobalSection
	GlobalSection(ExtensibilityGlobals) = postSolution
		SolutionGuid = {440FFD6B-F2B6-4A90-A61A-0087FE664147}
	EndGlobalSection
EndGlobal
